# This file was autogenerated by Stack.
# You should not edit this file by hand.
# For more information, please see the documentation at:
#   https://docs.haskellstack.org/en/stable/lock_files

packages:
- completed:
    hackage: gloss-juicy-0.2.3@sha256:0c3bca95237cbf91f8b3b1936a0661f1e0457acd80502276d54d6c5210f88b25,1618
    pantry-tree:
      sha256: 914c08509bc3da4707d90e542b44833ca1a62abc83c2848f87df3d7a7a1d7e03
      size: 273
  original:
    hackage: gloss-juicy-0.2.3
- completed:
    hackage: yampa-gloss-0.2.1@sha256:2b64563b4c6b24fa14c3baed339eba5ce30f69e699df34c47b69c633081ed8f5,1824
    pantry-tree:
      sha256: 23d8505b4cb4452f9b52b5a80cc266be2836b17053622c64c5f61a2df5821187
      size: 345
  original:
    hackage: yampa-gloss-0.2.1
snapshots:
- completed:
    sha256: 1867d84255dff8c87373f5dd03e5a5cb1c10a99587e26c8793e750c54e83ffdc
    size: 639139
    url: https://raw.githubusercontent.com/commercialhaskell/stackage-snapshots/master/lts/21/0.yaml
  original: lts-21.0
